
Microsoft Visual Studio Solution File, Format Version 12.00
# Visual Studio 2013
VisualStudioVersion = 12.0.21005.1
MinimumVisualStudioVersion = 10.0.40219.1
Project("{FAE04EC0-301F-11D3-BF4B-00C04F79EFBC}") = "Finance", "Finance\Finance.csproj", "{2B927305-C0E3-44D5-9F88-26B37CA222BB}"
EndProject
Project("{FAE04EC0-301F-11D3-BF4B-00C04F79EFBC}") = "Finance.Tests", "Finance\Finance.Tests\Finance.Tests.csproj", "{8576E0D7-DCD0-4B9F-84DF-47A642A23EC2}"
EndProject
Project("{F2A71F9B-5D33-465A-A702-920D77279786}") = "FSharp.Finance", "FSharp.Finance\FSharp.Finance.fsproj", "{CDA0846A-3B26-41DD-914C-74DD01481892}"
EndProject
Global
	GlobalSection(SolutionConfigurationPlatforms) = preSolution
		Debug|Any CPU = Debug|Any CPU
		Release|Any CPU = Release|Any CPU
	EndGlobalSection
	GlobalSection(ProjectConfigurationPlatforms) = postSolution
		{2B927305-C0E3-44D5-9F88-26B37CA222BB}.Debug|Any CPU.ActiveCfg = Debug|Any CPU
		{2B927305-C0E3-44D5-9F88-26B37CA222BB}.Debug|Any CPU.Build.0 = Debug|Any CPU
		{2B927305-C0E3-44D5-9F88-26B37CA222BB}.Release|Any CPU.ActiveCfg = Release|Any CPU
		{2B927305-C0E3-44D5-9F88-26B37CA222BB}.Release|Any CPU.Build.0 = Release|Any CPU
		{8576E0D7-DCD0-4B9F-84DF-47A642A23EC2}.Debug|Any CPU.ActiveCfg = Debug|Any CPU
		{8576E0D7-DCD0-4B9F-84DF-47A642A23EC2}.Debug|Any CPU.Build.0 = Debug|Any CPU
		{8576E0D7-DCD0-4B9F-84DF-47A642A23EC2}.Release|Any CPU.ActiveCfg = Release|Any CPU
		{8576E0D7-DCD0-4B9F-84DF-47A642A23EC2}.Release|Any CPU.Build.0 = Release|Any CPU
		{CDA0846A-3B26-41DD-914C-74DD01481892}.Debug|Any CPU.ActiveCfg = Debug|Any CPU
		{CDA0846A-3B26-41DD-914C-74DD01481892}.Debug|Any CPU.Build.0 = Debug|Any CPU
		{CDA0846A-3B26-41DD-914C-74DD01481892}.Release|Any CPU.ActiveCfg = Release|Any CPU
		{CDA0846A-3B26-41DD-914C-74DD01481892}.Release|Any CPU.Build.0 = Release|Any CPU
	EndGlobalSection
	GlobalSection(SolutionProperties) = preSolution
		HideSolutionNode = FALSE
	EndGlobalSection
EndGlobal
